// !$*UTF8*$!
{
	archiveVersion = 1;
	classes = {
	};
	objectVersion = 56;
	objects = {

/* Begin PBXBuildFile section */
		6C5CDBD32AFFB463003CF707 /* MyFirstApp.swift in Sources */ = {isa = PBXBuildFile; fileRef = 6C5CDBD22AFFB463003CF707 /* MyFirstApp.swift */; };
		6C5CDBD52AFFB463003CF707 /* ContentView.swift in Sources */ = {isa = PBXBuildFile; fileRef = 6C5CDBD42AFFB463003CF707 /* ContentView.swift */; };
		6C5CDBD72AFFB464003CF707 /* Assets.xcassets in Resources */ = {isa = PBXBuildFile; fileRef = 6C5CDBD62AFFB464003CF707 /* Assets.xcassets */; };
		6C5CDBDA2AFFB464003CF707 /* Preview Assets.xcassets in Resources */ = {isa = PBXBuildFile; fileRef = 6C5CDBD92AFFB464003CF707 /* Preview Assets.xcassets */; };
		6C5CDBE42AFFB464003CF707 /* MyFirstTests.swift in Sources */ = {isa = PBXBuildFile; fileRef = 6C5CDBE32AFFB464003CF707 /* MyFirstTests.swift */; };
		6C5CDBEE2AFFB464003CF707 /* MyFirstUITests.swift in Sources */ = {isa = PBXBuildFile; fileRef = 6C5CDBED2AFFB464003CF707 /* MyFirstUITests.swift */; };
		6C5CDBF02AFFB464003CF707 /* MyFirstUITestsLaunchTests.swift in Sources */ = {isa = PBXBuildFile; fileRef = 6C5CDBEF2AFFB464003CF707 /* MyFirstUITestsLaunchTests.swift */; };
/* End PBXBuildFile section */

/* Begin PBXContainerItemProxy section */
		6C5CDBE02AFFB464003CF707 /* PBXContainerItemProxy */ = {
			isa = PBXContainerItemProxy;
			containerPortal = 6C5CDBC72AFFB463003CF707 /* Project object */;
			proxyType = 1;
			remoteGlobalIDString = 6C5CDBCE2AFFB463003CF707;
			remoteInfo = MyFirst;
		};
		6C5CDBEA2AFFB464003CF707 /* PBXContainerItemProxy */ = {
			isa = PBXContainerItemProxy;
			containerPortal = 6C5CDBC72AFFB463003CF707 /* Project object */;
			proxyType = 1;
			remoteGlobalIDString = 6C5CDBCE2AFFB463003CF707;
			remoteInfo = MyFirst;
		};
/* End PBXContainerItemProxy section */

/* Begin PBXFileReference section */
		6C5CDBCF2AFFB463003CF707 /* MyFirst.app */ = {isa = PBXFileReference; explicitFileType = wrapper.application; includeInIndex = 0; path = MyFirst.app; sourceTree = BUILT_PRODUCTS_DIR; };
		6C5CDBD22AFFB463003CF707 /* MyFirstApp.swift */ = {isa = PBXFileReference; lastKnownFileType = sourcecode.swift; path = MyFirstApp.swift; sourceTree = "<group>"; };
		6C5CDBD42AFFB463003CF707 /* ContentView.swift */ = {isa = PBXFileReference; lastKnownFileType = sourcecode.swift; path = ContentView.swift; sourceTree = "<group>"; };
		6C5CDBD62AFFB464003CF707 /* Assets.xcassets */ = {isa = PBXFileReference; lastKnownFileType = folder.assetcatalog; path = Assets.xcassets; sourceTree = "<group>"; };
		6C5CDBD92AFFB464003CF707 /* Preview Assets.xcassets */ = {isa = PBXFileReference; lastKnownFileType = folder.assetcatalog; path = "Preview Assets.xcassets"; sourceTree = "<group>"; };
		6C5CDBDF2AFFB464003CF707 /* MyFirstTests.xctest */ = {isa = PBXFileReference; explicitFileType = wrapper.cfbundle; includeInIndex = 0; path = MyFirstTests.xctest; sourceTree = BUILT_PRODUCTS_DIR; };
		6C5CDBE32AFFB464003CF707 /* MyFirstTests.swift */ = {isa = PBXFileReference; lastKnownFileType = sourcecode.swift; path = MyFirstTests.swift; sourceTree = "<group>"; };
		6C5CDBE92AFFB464003CF707 /* MyFirstUITests.xctest */ = {isa = PBXFileReference; explicitFileType = wrapper.cfbundle; includeInIndex = 0; path = MyFirstUITests.xctest; sourceTree = BUILT_PRODUCTS_DIR; };
		6C5CDBED2AFFB464003CF707 /* MyFirstUITests.swift */ = {isa = PBXFileReference; lastKnownFileType = sourcecode.swift; path = MyFirstUITests.swift; sourceTree = "<group>"; };
		6C5CDBEF2AFFB464003CF707 /* MyFirstUITestsLaunchTests.swift */ = {isa = PBXFileReference; lastKnownFileType = sourcecode.swift; path = MyFirstUITestsLaunchTests.swift; sourceTree = "<group>"; };
/* End PBXFileReference section */

/* Begin PBXFrameworksBuildPhase section */
		6C5CDBCC2AFFB463003CF707 /* Frameworks */ = {
			isa = PBXFrameworksBuildPhase;
			buildActionMask = 2147483647;
			files = (
			);
			runOnlyForDeploymentPostprocessing = 0;
		};
		6C5CDBDC2AFFB464003CF707 /* Frameworks */ = {
			isa = PBXFrameworksBuildPhase;
			buildActionMask = 2147483647;
			files = (
			);
			runOnlyForDeploymentPostprocessing = 0;
		};
		6C5CDBE62AFFB464003CF707 /* Frameworks */ = {
			isa = PBXFrameworksBuildPhase;
			buildActionMask = 2147483647;
			files = (
			);
			runOnlyForDeploymentPostprocessing = 0;
		};
/* End PBXFrameworksBuildPhase section */

/* Begin PBXGroup section */
		6C5CDBC62AFFB463003CF707 = {
			isa = PBXGroup;
			children = (
				6C5CDBD12AFFB463003CF707 /* MyFirst */,
				6C5CDBE22AFFB464003CF707 /* MyFirstTests */,
				6C5CDBEC2AFFB464003CF707 /* MyFirstUITests */,
				6C5CDBD02AFFB463003CF707 /* Products */,
			);
			sourceTree = "<group>";
		};
		6C5CDBD02AFFB463003CF707 /* Products */ = {
			isa = PBXGroup;
			children = (
				6C5CDBCF2AFFB463003CF707 /* MyFirst.app */,
				6C5CDBDF2AFFB464003CF707 /* MyFirstTests.xctest */,
				6C5CDBE92AFFB464003CF707 /* MyFirstUITests.xctest */,
			);
			name = Products;
			sourceTree = "<group>";
		};
		6C5CDBD12AFFB463003CF707 /* MyFirst */ = {
			isa = PBXGroup;
			children = (
				6C5CDBD22AFFB463003CF707 /* MyFirstApp.swift */,
				6C5CDBD42AFFB463003CF707 /* ContentView.swift */,
				6C5CDBD62AFFB464003CF707 /* Assets.xcassets */,
				6C5CDBD82AFFB464003CF707 /* Preview Content */,
			);
			path = MyFirst;
			sourceTree = "<group>";
		};
		6C5CDBD82AFFB464003CF707 /* Preview Content */ = {
			isa = PBXGroup;
			children = (
				6C5CDBD92AFFB464003CF707 /* Preview Assets.xcassets */,
			);
			path = "Preview Content";
			sourceTree = "<group>";
		};
		6C5CDBE22AFFB464003CF707 /* MyFirstTests */ = {
			isa = PBXGroup;
			children = (
				6C5CDBE32AFFB464003CF707 /* MyFirstTests.swift */,
			);
			path = MyFirstTests;
			sourceTree = "<group>";
		};
		6C5CDBEC2AFFB464003CF707 /* MyFirstUITests */ = {
			isa = PBXGroup;
			children = (
				6C5CDBED2AFFB464003CF707 /* MyFirstUITests.swift */,
				6C5CDBEF2AFFB464003CF707 /* MyFirstUITestsLaunchTests.swift */,
			);
			path = MyFirstUITests;
			sourceTree = "<group>";
		};
/* End PBXGroup section */

/* Begin PBXNativeTarget section */
		6C5CDBCE2AFFB463003CF707 /* MyFirst */ = {
			isa = PBXNativeTarget;
			buildConfigurationList = 6C5CDBF32AFFB464003CF707 /* Build configuration list for PBXNativeTarget "MyFirst" */;
			buildPhases = (
				6C5CDBCB2AFFB463003CF707 /* Sources */,
				6C5CDBCC2AFFB463003CF707 /* Frameworks */,
				6C5CDBCD2AFFB463003CF707 /* Resources */,
			);
			buildRules = (
			);
			dependencies = (
			);
			name = MyFirst;
			productName = MyFirst;
			productReference = 6C5CDBCF2AFFB463003CF707 /* MyFirst.app */;
			productType = "com.apple.product-type.application";
		};
		6C5CDBDE2AFFB464003CF707 /* MyFirstTests */ = {
			isa = PBXNativeTarget;
			buildConfigurationList = 6C5CDBF62AFFB464003CF707 /* Build configuration list for PBXNativeTarget "MyFirstTests" */;
			buildPhases = (
				6C5CDBDB2AFFB464003CF707 /* Sources */,
				6C5CDBDC2AFFB464003CF707 /* Frameworks */,
				6C5CDBDD2AFFB464003CF707 /* Resources */,
			);
			buildRules = (
			);
			dependencies = (
				6C5CDBE12AFFB464003CF707 /* PBXTargetDependency */,
			);
			name = MyFirstTests;
			productName = MyFirstTests;
			productReference = 6C5CDBDF2AFFB464003CF707 /* MyFirstTests.xctest */;
			productType = "com.apple.product-type.bundle.unit-test";
		};
		6C5CDBE82AFFB464003CF707 /* MyFirstUITests */ = {
			isa = PBXNativeTarget;
			buildConfigurationList = 6C5CDBF92AFFB464003CF707 /* Build configuration list for PBXNativeTarget "MyFirstUITests" */;
			buildPhases = (
				6C5CDBE52AFFB464003CF707 /* Sources */,
				6C5CDBE62AFFB464003CF707 /* Frameworks */,
				6C5CDBE72AFFB464003CF707 /* Resources */,
			);
			buildRules = (
			);
			dependencies = (
				6C5CDBEB2AFFB464003CF707 /* PBXTargetDependency */,
			);
			name = MyFirstUITests;
			productName = MyFirstUITests;
			productReference = 6C5CDBE92AFFB464003CF707 /* MyFirstUITests.xctest */;
			productType = "com.apple.product-type.bundle.ui-testing";
		};
/* End PBXNativeTarget section */

/* Begin PBXProject section */
		6C5CDBC72AFFB463003CF707 /* Project object */ = {
			isa = PBXProject;
			attributes = {
				BuildIndependentTargetsInParallel = 1;
				LastSwiftUpdateCheck = 1500;
				LastUpgradeCheck = 1500;
				TargetAttributes = {
					6C5CDBCE2AFFB463003CF707 = {
						CreatedOnToolsVersion = 15.0.1;
					};
					6C5CDBDE2AFFB464003CF707 = {
						CreatedOnToolsVersion = 15.0.1;
						TestTargetID = 6C5CDBCE2AFFB463003CF707;
					};
					6C5CDBE82AFFB464003CF707 = {
						CreatedOnToolsVersion = 15.0.1;
						TestTargetID = 6C5CDBCE2AFFB463003CF707;
					};
				};
			};
			buildConfigurationList = 6C5CDBCA2AFFB463003CF707 /* Build configuration list for PBXProject "MyFirst" */;
			compatibilityVersion = "Xcode 14.0";
			developmentRegion = en;
			hasScannedForEncodings = 0;
			knownRegions = (
				en,
				Base,
			);
			mainGroup = 6C5CDBC62AFFB463003CF707;
			productRefGroup = 6C5CDBD02AFFB463003CF707 /* Products */;
			projectDirPath = "";
			projectRoot = "";
			targets = (
				6C5CDBCE2AFFB463003CF707 /* MyFirst */,
				6C5CDBDE2AFFB464003CF707 /* MyFirstTests */,
				6C5CDBE82AFFB464003CF707 /* MyFirstUITests */,
			);
		};
/* End PBXProject section */

/* Begin PBXResourcesBuildPhase section */
		6C5CDBCD2AFFB463003CF707 /* Resources */ = {
			isa = PBXResourcesBuildPhase;
			buildActionMask = 2147483647;
			files = (
				6C5CDBDA2AFFB464003CF707 /* Preview Assets.xcassets in Resources */,
				6C5CDBD72AFFB464003CF707 /* Assets.xcassets in Resources */,
			);
			runOnlyForDeploymentPostprocessing = 0;
		};
		6C5CDBDD2AFFB464003CF707 /* Resources */ = {
			isa = PBXResourcesBuildPhase;
			buildActionMask = 2147483647;
			files = (
			);
			runOnlyForDeploymentPostprocessing = 0;
		};
		6C5CDBE72AFFB464003CF707 /* Resources */ = {
			isa = PBXResourcesBuildPhase;
			buildActionMask = 2147483647;
			files = (
			);
			runOnlyForDeploymentPostprocessing = 0;
		};
/* End PBXResourcesBuildPhase section */

/* Begin PBXSourcesBuildPhase section */
		6C5CDBCB2AFFB463003CF707 /* Sources */ = {
			isa = PBXSourcesBuildPhase;
			buildActionMask = 2147483647;
			files = (
				6C5CDBD52AFFB463003CF707 /* ContentView.swift in Sources */,
				6C5CDBD32AFFB463003CF707 /* MyFirstApp.swift in Sources */,
			);
			runOnlyForDeploymentPostprocessing = 0;
		};
		6C5CDBDB2AFFB464003CF707 /* Sources */ = {
			isa = PBXSourcesBuildPhase;
			buildActionMask = 2147483647;
			files = (
				6C5CDBE42AFFB464003CF707 /* MyFirstTests.swift in Sources */,
			);
			runOnlyForDeploymentPostprocessing = 0;
		};
		6C5CDBE52AFFB464003CF707 /* Sources */ = {
			isa = PBXSourcesBuildPhase;
			buildActionMask = 2147483647;
			files = (
				6C5CDBEE2AFFB464003CF707 /* MyFirstUITests.swift in Sources */,
				6C5CDBF02AFFB464003CF707 /* MyFirstUITestsLaunchTests.swift in Sources */,
			);
			runOnlyForDeploymentPostprocessing = 0;
		};
/* End PBXSourcesBuildPhase section */

/* Begin PBXTargetDependency section */
		6C5CDBE12AFFB464003CF707 /* PBXTargetDependency */ = {
			isa = PBXTargetDependency;
			target = 6C5CDBCE2AFFB463003CF707 /* MyFirst */;
			targetProxy = 6C5CDBE02AFFB464003CF707 /* PBXContainerItemProxy */;
		};
		6C5CDBEB2AFFB464003CF707 /* PBXTargetDependency */ = {
			isa = PBXTargetDependency;
			target = 6C5CDBCE2AFFB463003CF707 /* MyFirst */;
			targetProxy = 6C5CDBEA2AFFB464003CF707 /* PBXContainerItemProxy */;
		};
/* End PBXTargetDependency section */

/* Begin XCBuildConfiguration section */
		6C5CDBF12AFFB464003CF707 /* Debug */ = {
			isa = XCBuildConfiguration;
			buildSettings = {
				ALWAYS_SEARCH_USER_PATHS = NO;
				ASSETCATALOG_COMPILER_GENERATE_SWIFT_ASSET_SYMBOL_EXTENSIONS = YES;
				CLANG_ANALYZER_NONNULL = YES;
				CLANG_ANALYZER_NUMBER_OBJECT_CONVERSION = YES_AGGRESSIVE;
				CLANG_CXX_LANGUAGE_STANDARD = "gnu++20";
				CLANG_ENABLE_MODULES = YES;
				CLANG_ENABLE_OBJC_ARC = YES;
				CLANG_ENABLE_OBJC_WEAK = YES;
				CLANG_WARN_BLOCK_CAPTURE_AUTORELEASING = YES;
				CLANG_WARN_BOOL_CONVERSION = YES;
				CLANG_WARN_COMMA = YES;
				CLANG_WARN_CONSTANT_CONVERSION = YES;
				CLANG_WARN_DEPRECATED_OBJC_IMPLEMENTATIONS = YES;
				CLANG_WARN_DIRECT_OBJC_ISA_USAGE = YES_ERROR;
				CLANG_WARN_DOCUMENTATION_COMMENTS = YES;
				CLANG_WARN_EMPTY_BODY = YES;
				CLANG_WARN_ENUM_CONVERSION = YES;
				CLANG_WARN_INFINITE_RECURSION = YES;
				CLANG_WARN_INT_CONVERSION = YES;
				CLANG_WARN_NON_LITERAL_NULL_CONVERSION = YES;
				CLANG_WARN_OBJC_IMPLICIT_RETAIN_SELF = YES;
				CLANG_WARN_OBJC_LITERAL_CONVERSION = YES;
				CLANG_WARN_OBJC_ROOT_CLASS = YES_ERROR;
				CLANG_WARN_QUOTED_INCLUDE_IN_FRAMEWORK_HEADER = YES;
				CLANG_WARN_RANGE_LOOP_ANALYSIS = YES;
				CLANG_WARN_STRICT_PROTOTYPES = YES;
				CLANG_WARN_SUSPICIOUS_MOVE = YES;
				CLANG_WARN_UNGUARDED_AVAILABILITY = YES_AGGRESSIVE;
				CLANG_WARN_UNREACHABLE_CODE = YES;
				CLANG_WARN__DUPLICATE_METHOD_MATCH = YES;
				COPY_PHASE_STRIP = NO;
				DEBUG_INFORMATION_FORMAT = dwarf;
				ENABLE_STRICT_OBJC_MSGSEND = YES;
				ENABLE_TESTABILITY = YES;
				ENABLE_USER_SCRIPT_SANDBOXING = YES;
				GCC_C_LANGUAGE_STANDARD = gnu17;
				GCC_DYNAMIC_NO_PIC = NO;
				GCC_NO_COMMON_BLOCKS = YES;
				GCC_OPTIMIZATION_LEVEL = 0;
				GCC_PREPROCESSOR_DEFINITIONS = (
					"DEBUG=1",
					"$(inherited)",
				);
				GCC_WARN_64_TO_32_BIT_CONVERSION = YES;
				GCC_WARN_ABOUT_RETURN_TYPE = YES_ERROR;
				GCC_WARN_UNDECLARED_SELECTOR = YES;
				GCC_WARN_UNINITIALIZED_AUTOS = YES_AGGRESSIVE;
				GCC_WARN_UNUSED_FUNCTION = YES;
				GCC_WARN_UNUSED_VARIABLE = YES;
				IPHONEOS_DEPLOYMENT_TARGET = 17.0;
				LOCALIZATION_PREFERS_STRING_CATALOGS = YES;
				MTL_ENABLE_DEBUG_INFO = INCLUDE_SOURCE;
				MTL_FAST_MATH = YES;
				ONLY_ACTIVE_ARCH = YES;
				SDKROOT = iphoneos;
				SWIFT_ACTIVE_COMPILATION_CONDITIONS = "DEBUG $(inherited)";
				SWIFT_OPTIMIZATION_LEVEL = "-Onone";
			};
			name = Debug;
		};
		6C5CDBF22AFFB464003CF707 /* Release */ = {
			isa = XCBuildConfiguration;
			buildSettings = {
				ALWAYS_SEARCH_USER_PATHS = NO;
				ASSETCATALOG_COMPILER_GENERATE_SWIFT_ASSET_SYMBOL_EXTENSIONS = YES;
				CLANG_ANALYZER_NONNULL = YES;
				CLANG_ANALYZER_NUMBER_OBJECT_CONVERSION = YES_AGGRESSIVE;
				CLANG_CXX_LANGUAGE_STANDARD = "gnu++20";
				CLANG_ENABLE_MODULES = YES;
				CLANG_ENABLE_OBJC_ARC = YES;
				CLANG_ENABLE_OBJC_WEAK = YES;
				CLANG_WARN_BLOCK_CAPTURE_AUTORELEASING = YES;
				CLANG_WARN_BOOL_CONVERSION = YES;
				CLANG_WARN_COMMA = YES;
				CLANG_WARN_CONSTANT_CONVERSION = YES;
				CLANG_WARN_DEPRECATED_OBJC_IMPLEMENTATIONS = YES;
				CLANG_WARN_DIRECT_OBJC_ISA_USAGE = YES_ERROR;
				CLANG_WARN_DOCUMENTATION_COMMENTS = YES;
				CLANG_WARN_EMPTY_BODY = YES;
				CLANG_WARN_ENUM_CONVERSION = YES;
				CLANG_WARN_INFINITE_RECURSION = YES;
				CLANG_WARN_INT_CONVERSION = YES;
				CLANG_WARN_NON_LITERAL_NULL_CONVERSION = YES;
				CLANG_WARN_OBJC_IMPLICIT_RETAIN_SELF = YES;
				CLANG_WARN_OBJC_LITERAL_CONVERSION = YES;
				CLANG_WARN_OBJC_ROOT_CLASS = YES_ERROR;
				CLANG_WARN_QUOTED_INCLUDE_IN_FRAMEWORK_HEADER = YES;
				CLANG_WARN_RANGE_LOOP_ANALYSIS = YES;
				CLANG_WARN_STRICT_PROTOTYPES = YES;
				CLANG_WARN_SUSPICIOUS_MOVE = YES;
				CLANG_WARN_UNGUARDED_AVAILABILITY = YES_AGGRESSIVE;
				CLANG_WARN_UNREACHABLE_CODE = YES;
				CLANG_WARN__DUPLICATE_METHOD_MATCH = YES;
				COPY_PHASE_STRIP = NO;
				DEBUG_INFORMATION_FORMAT = "dwarf-with-dsym";
				ENABLE_NS_ASSERTIONS = NO;
				ENABLE_STRICT_OBJC_MSGSEND = YES;
				ENABLE_USER_SCRIPT_SANDBOXING = YES;
				GCC_C_LANGUAGE_STANDARD = gnu17;
				GCC_NO_COMMON_BLOCKS = YES;
				GCC_WARN_64_TO_32_BIT_CONVERSION = YES;
				GCC_WARN_ABOUT_RETURN_TYPE = YES_ERROR;
				GCC_WARN_UNDECLARED_SELECTOR = YES;
				GCC_WARN_UNINITIALIZED_AUTOS = YES_AGGRESSIVE;
				GCC_WARN_UNUSED_FUNCTION = YES;
				GCC_WARN_UNUSED_VARIABLE = YES;
				IPHONEOS_DEPLOYMENT_TARGET = 17.0;
				LOCALIZATION_PREFERS_STRING_CATALOGS = YES;
				MTL_ENABLE_DEBUG_INFO = NO;
				MTL_FAST_MATH = YES;
				SDKROOT = iphoneos;
				SWIFT_COMPILATION_MODE = wholemodule;
				VALIDATE_PRODUCT = YES;
			};
			name = Release;
		};
		6C5CDBF42AFFB464003CF707 /* Debug */ = {
			isa = XCBuildConfiguration;
			buildSettings = {
				ASSETCATALOG_COMPILER_APPICON_NAME = AppIcon;
				ASSETCATALOG_COMPILER_GLOBAL_ACCENT_COLOR_NAME = AccentColor;
				CODE_SIGN_STYLE = Automatic;
				CURRENT_PROJECT_VERSION = 1;
				DEVELOPMENT_ASSET_PATHS = "\"MyFirst/Preview Content\"";
				ENABLE_PREVIEWS = YES;
				GENERATE_INFOPLIST_FILE = YES;
				INFOPLIST_KEY_UIApplicationSceneManifest_Generation = YES;
				INFOPLIST_KEY_UIApplicationSupportsIndirectInputEvents = YES;
				INFOPLIST_KEY_UILaunchScreen_Generation = YES;
				INFOPLIST_KEY_UISupportedInterfaceOrientations_iPad = "UIInterfaceOrientationPortrait UIInterfaceOrientationPortraitUpsideDown UIInterfaceOrientationLandscapeLeft UIInterfaceOrientationLandscapeRight";
				INFOPLIST_KEY_UISupportedInterfaceOrientations_iPhone = "UIInterfaceOrientationPortrait UIInterfaceOrientationLandscapeLeft UIInterfaceOrientationLandscapeRight";
				LD_RUNPATH_SEARCH_PATHS = (
					"$(inherited)",
					"@executable_path/Frameworks",
				);
				MARKETING_VERSION = 1.0;
				PRODUCT_BUNDLE_IDENTIFIER = "Swift-Biginners.MyFirst";
				PRODUCT_NAME = "$(TARGET_NAME)";
				SWIFT_EMIT_LOC_STRINGS = YES;
				SWIFT_VERSION = 5.0;
				TARGETED_DEVICE_FAMILY = "1,2";
			};
			name = Debug;
		};
		6C5CDBF52AFFB464003CF707 /* Release */ = {
			isa = XCBuildConfiguration;
			buildSettings = {
				ASSETCATALOG_COMPILER_APPICON_NAME = AppIcon;
				ASSETCATALOG_COMPILER_GLOBAL_ACCENT_COLOR_NAME = AccentColor;
				CODE_SIGN_STYLE = Automatic;
				CURRENT_PROJECT_VERSION = 1;
				DEVELOPMENT_ASSET_PATHS = "\"MyFirst/Preview Content\"";
				ENABLE_PREVIEWS = YES;
				GENERATE_INFOPLIST_FILE = YES;
				INFOPLIST_KEY_UIApplicationSceneManifest_Generation = YES;
				INFOPLIST_KEY_UIApplicationSupportsIndirectInputEvents = YES;
				INFOPLIST_KEY_UILaunchScreen_Generation = YES;
				INFOPLIST_KEY_UISupportedInterfaceOrientations_iPad = "UIInterfaceOrientationPortrait UIInterfaceOrientationPortraitUpsideDown UIInterfaceOrientationLandscapeLeft UIInterfaceOrientationLandscapeRight";
				INFOPLIST_KEY_UISupportedInterfaceOrientations_iPhone = "UIInterfaceOrientationPortrait UIInterfaceOrientationLandscapeLeft UIInterfaceOrientationLandscapeRight";
				LD_RUNPATH_SEARCH_PATHS = (
					"$(inherited)",
					"@executable_path/Frameworks",
				);
				MARKETING_VERSION = 1.0;
				PRODUCT_BUNDLE_IDENTIFIER = "Swift-Biginners.MyFirst";
				PRODUCT_NAME = "$(TARGET_NAME)";
				SWIFT_EMIT_LOC_STRINGS = YES;
				SWIFT_VERSION = 5.0;
				TARGETED_DEVICE_FAMILY = "1,2";
			};
			name = Release;
		};
		6C5CDBF72AFFB464003CF707 /* Debug */ = {
			isa = XCBuildConfiguration;
			buildSettings = {
				ALWAYS_EMBED_SWIFT_STANDARD_LIBRARIES = YES;
				BUNDLE_LOADER = "$(TEST_HOST)";
				CODE_SIGN_STYLE = Automatic;
				CURRENT_PROJECT_VERSION = 1;
				GENERATE_INFOPLIST_FILE = YES;
				IPHONEOS_DEPLOYMENT_TARGET = 17.0;
				MARKETING_VERSION = 1.0;
				PRODUCT_BUNDLE_IDENTIFIER = "Swift-Biginners.MyFirstTests";
				PRODUCT_NAME = "$(TARGET_NAME)";
				SWIFT_EMIT_LOC_STRINGS = NO;
				SWIFT_VERSION = 5.0;
				TARGETED_DEVICE_FAMILY = "1,2";
				TEST_HOST = "$(BUILT_PRODUCTS_DIR)/MyFirst.app/$(BUNDLE_EXECUTABLE_FOLDER_PATH)/MyFirst";
			};
			name = Debug;
		};
		6C5CDBF82AFFB464003CF707 /* Release */ = {
			isa = XCBuildConfiguration;
			buildSettings = {
				ALWAYS_EMBED_SWIFT_STANDARD_LIBRARIES = YES;
				BUNDLE_LOADER = "$(TEST_HOST)";
				CODE_SIGN_STYLE = Automatic;
				CURRENT_PROJECT_VERSION = 1;
				GENERATE_INFOPLIST_FILE = YES;
				IPHONEOS_DEPLOYMENT_TARGET = 17.0;
				MARKETING_VERSION = 1.0;
				PRODUCT_BUNDLE_IDENTIFIER = "Swift-Biginners.MyFirstTests";
				PRODUCT_NAME = "$(TARGET_NAME)";
				SWIFT_EMIT_LOC_STRINGS = NO;
				SWIFT_VERSION = 5.0;
				TARGETED_DEVICE_FAMILY = "1,2";
				TEST_HOST = "$(BUILT_PRODUCTS_DIR)/MyFirst.app/$(BUNDLE_EXECUTABLE_FOLDER_PATH)/MyFirst";
			};
			name = Release;
		};
		6C5CDBFA2AFFB464003CF707 /* Debug */ = {
			isa = XCBuildConfiguration;
			buildSettings = {
				ALWAYS_EMBED_SWIFT_STANDARD_LIBRARIES = YES;
				CODE_SIGN_STYLE = Automatic;
				CURRENT_PROJECT_VERSION = 1;
				GENERATE_INFOPLIST_FILE = YES;
				MARKETING_VERSION = 1.0;
				PRODUCT_BUNDLE_IDENTIFIER = "Swift-Biginners.MyFirstUITests";
				PRODUCT_NAME = "$(TARGET_NAME)";
				SWIFT_EMIT_LOC_STRINGS = NO;
				SWIFT_VERSION = 5.0;
				TARGETED_DEVICE_FAMILY = "1,2";
				TEST_TARGET_NAME = MyFirst;
			};
			name = Debug;
		};
		6C5CDBFB2AFFB464003CF707 /* Release */ = {
			isa = XCBuildConfiguration;
			buildSettings = {
				ALWAYS_EMBED_SWIFT_STANDARD_LIBRARIES = YES;
				CODE_SIGN_STYLE = Automatic;
				CURRENT_PROJECT_VERSION = 1;
				GENERATE_INFOPLIST_FILE = YES;
				MARKETING_VERSION = 1.0;
				PRODUCT_BUNDLE_IDENTIFIER = "Swift-Biginners.MyFirstUITests";
				PRODUCT_NAME = "$(TARGET_NAME)";
				SWIFT_EMIT_LOC_STRINGS = NO;
				SWIFT_VERSION = 5.0;
				TARGETED_DEVICE_FAMILY = "1,2";
				TEST_TARGET_NAME = MyFirst;
			};
			name = Release;
		};
/* End XCBuildConfiguration section */

/* Begin XCConfigurationList section */
		6C5CDBCA2AFFB463003CF707 /* Build configuration list for PBXProject "MyFirst" */ = {
			isa = XCConfigurationList;
			buildConfigurations = (
				6C5CDBF12AFFB464003CF707 /* Debug */,
				6C5CDBF22AFFB464003CF707 /* Release */,
			);
			defaultConfigurationIsVisible = 0;
			defaultConfigurationName = Release;
		};
		6C5CDBF32AFFB464003CF707 /* Build configuration list for PBXNativeTarget "MyFirst" */ = {
			isa = XCConfigurationList;
			buildConfigurations = (
				6C5CDBF42AFFB464003CF707 /* Debug */,
				6C5CDBF52AFFB464003CF707 /* Release */,
			);
			defaultConfigurationIsVisible = 0;
			defaultConfigurationName = Release;
		};
		6C5CDBF62AFFB464003CF707 /* Build configuration list for PBXNativeTarget "MyFirstTests" */ = {
			isa = XCConfigurationList;
			buildConfigurations = (
				6C5CDBF72AFFB464003CF707 /* Debug */,
				6C5CDBF82AFFB464003CF707 /* Release */,
			);
			defaultConfigurationIsVisible = 0;
			defaultConfigurationName = Release;
		};
		6C5CDBF92AFFB464003CF707 /* Build configuration list for PBXNativeTarget "MyFirstUITests" */ = {
			isa = XCConfigurationList;
			buildConfigurations = (
				6C5CDBFA2AFFB464003CF707 /* Debug */,
				6C5CDBFB2AFFB464003CF707 /* Release */,
			);
			defaultConfigurationIsVisible = 0;
			defaultConfigurationName = Release;
		};
/* End XCConfigurationList section */
	};
	rootObject = 6C5CDBC72AFFB463003CF707 /* Project object */;
}
